
Microsoft Visual Studio Solution File, Format Version 12.00
# Visual Studio Version 16
VisualStudioVersion = 16.0.31729.503
MinimumVisualStudioVersion = 10.0.40219.1
Project("{FAE04EC0-301F-11D3-BF4B-00C04F79EFBC}") = "WindowsFormsApp1", "WindowsFormsApp1\WindowsFormsApp1.csproj", "{6FB2CC0B-E8E7-4084-95CE-485BC750151E}"
EndProject
Global
	GlobalSection(SolutionConfigurationPlatforms) = preSolution
		Debug|Any CPU = Debug|Any CPU
		Release|Any CPU = Release|Any CPU
	EndGlobalSection
	GlobalSection(ProjectConfigurationPlatforms) = postSolution
		{6FB2CC0B-E8E7-4084-95CE-485BC750151E}.Debug|Any CPU.ActiveCfg = Debug|Any CPU
		{6FB2CC0B-E8E7-4084-95CE-485BC750151E}.Debug|Any CPU.Build.0 = Debug|Any CPU
		{6FB2CC0B-E8E7-4084-95CE-485BC750151E}.Release|Any CPU.ActiveCfg = Release|Any CPU
		{6FB2CC0B-E8E7-4084-95CE-485BC750151E}.Release|Any CPU.Build.0 = Release|Any CPU
	EndGlobalSection
	GlobalSection(SolutionProperties) = preSolution
		HideSolutionNode = FALSE
	EndGlobalSection
	GlobalSection(ExtensibilityGlobals) = postSolution
		SolutionGuid = {E999D3AE-706E-41C9-991E-7ADA4A75E597}
	EndGlobalSection
EndGlobal
